// !$*UTF8*$!
{
	archiveVersion = 1;
	classes = {
	};
	objectVersion = 56;
	objects = {

/* Begin PBXBuildFile section */
		3B28F7672A15B1A4000974F0 /* DashboardViewController.swift in Sources */ = {isa = PBXBuildFile; fileRef = 3B28F7662A15B1A4000974F0 /* DashboardViewController.swift */; };
		3B28F76B2A15BF5A000974F0 /* ShelfViewController.swift in Sources */ = {isa = PBXBuildFile; fileRef = 3B28F76A2A15BF5A000974F0 /* ShelfViewController.swift */; };
		3B28F76D2A15C205000974F0 /* FavoritesViewController.swift in Sources */ = {isa = PBXBuildFile; fileRef = 3B28F76C2A15C205000974F0 /* FavoritesViewController.swift */; };
		3B28F7732A161A00000974F0 /* BookDTO.swift in Sources */ = {isa = PBXBuildFile; fileRef = 3B28F7722A161A00000974F0 /* BookDTO.swift */; };
		3B28F7752A161A21000974F0 /* BookDetailDTO.swift in Sources */ = {isa = PBXBuildFile; fileRef = 3B28F7742A161A21000974F0 /* BookDetailDTO.swift */; };
		3B28F7772A161A6E000974F0 /* BookListDTO.swift in Sources */ = {isa = PBXBuildFile; fileRef = 3B28F7762A161A6E000974F0 /* BookListDTO.swift */; };
		3B28F7792A161A9D000974F0 /* StockStatus.swift in Sources */ = {isa = PBXBuildFile; fileRef = 3B28F7782A161A9D000974F0 /* StockStatus.swift */; };
		3B28F77B2A161AB6000974F0 /* NoteType.swift in Sources */ = {isa = PBXBuildFile; fileRef = 3B28F77A2A161AB6000974F0 /* NoteType.swift */; };
		3B2D73DE2A14A82600686B5A /* AppDelegate.swift in Sources */ = {isa = PBXBuildFile; fileRef = 3B2D73DD2A14A82600686B5A /* AppDelegate.swift */; };
		3B2D73E02A14A82600686B5A /* SceneDelegate.swift in Sources */ = {isa = PBXBuildFile; fileRef = 3B2D73DF2A14A82600686B5A /* SceneDelegate.swift */; };
		3B2D73E22A14A82600686B5A /* MainViewController.swift in Sources */ = {isa = PBXBuildFile; fileRef = 3B2D73E12A14A82600686B5A /* MainViewController.swift */; };
		3B2D73E72A14A82800686B5A /* Assets.xcassets in Resources */ = {isa = PBXBuildFile; fileRef = 3B2D73E62A14A82800686B5A /* Assets.xcassets */; };
		3B2D73EA2A14A82800686B5A /* LaunchScreen.storyboard in Resources */ = {isa = PBXBuildFile; fileRef = 3B2D73E82A14A82800686B5A /* LaunchScreen.storyboard */; };
		3B2D73F52A14A82800686B5A /* BookyTests.swift in Sources */ = {isa = PBXBuildFile; fileRef = 3B2D73F42A14A82800686B5A /* BookyTests.swift */; };
		3B2D73FF2A14A82800686B5A /* BookyUITests.swift in Sources */ = {isa = PBXBuildFile; fileRef = 3B2D73FE2A14A82800686B5A /* BookyUITests.swift */; };
		3B2D74012A14A82800686B5A /* BookyUITestsLaunchTests.swift in Sources */ = {isa = PBXBuildFile; fileRef = 3B2D74002A14A82800686B5A /* BookyUITestsLaunchTests.swift */; };
		3B2D740F2A14B13B00686B5A /* SnapKit in Frameworks */ = {isa = PBXBuildFile; productRef = 3B2D740E2A14B13B00686B5A /* SnapKit */; };
		3B2D74152A14C83700686B5A /* Kingfisher in Frameworks */ = {isa = PBXBuildFile; productRef = 3B2D74142A14C83700686B5A /* Kingfisher */; };
		3B2D74182A14C87500686B5A /* Alamofire in Frameworks */ = {isa = PBXBuildFile; productRef = 3B2D74172A14C87500686B5A /* Alamofire */; };
		3BCE1FB32A1C8A4C002BA6D1 /* AuthorDTO.swift in Sources */ = {isa = PBXBuildFile; fileRef = 3BCE1FB22A1C8A4C002BA6D1 /* AuthorDTO.swift */; };
		3BCE1FB52A1C8B44002BA6D1 /* SeriesDTO.swift in Sources */ = {isa = PBXBuildFile; fileRef = 3BCE1FB42A1C8B44002BA6D1 /* SeriesDTO.swift */; };
		3BCE1FBA2A1C8D6E002BA6D1 /* RouterType.swift in Sources */ = {isa = PBXBuildFile; fileRef = 3BCE1FB92A1C8D6E002BA6D1 /* RouterType.swift */; };
		3BCE1FBF2A1C97F7002BA6D1 /* BookSearchRouter.swift in Sources */ = {isa = PBXBuildFile; fileRef = 3BCE1FBE2A1C97F7002BA6D1 /* BookSearchRouter.swift */; };
		3BCE1FC12A1C9804002BA6D1 /* BestSellerRouter.swift in Sources */ = {isa = PBXBuildFile; fileRef = 3BCE1FC02A1C9804002BA6D1 /* BestSellerRouter.swift */; };
		3BCE1FC32A1C980C002BA6D1 /* BookDetailRouter.swift in Sources */ = {isa = PBXBuildFile; fileRef = 3BCE1FC22A1C980C002BA6D1 /* BookDetailRouter.swift */; };
		3BCE1FC72A1CEB77002BA6D1 /* Bundle+.swift in Sources */ = {isa = PBXBuildFile; fileRef = 3BCE1FC62A1CEB77002BA6D1 /* Bundle+.swift */; };
		3BCE1FC92A1DD983002BA6D1 /* Book.swift in Sources */ = {isa = PBXBuildFile; fileRef = 3BCE1FC82A1DD983002BA6D1 /* Book.swift */; };
		3BCE1FCB2A1DDD4F002BA6D1 /* BookDetail.swift in Sources */ = {isa = PBXBuildFile; fileRef = 3BCE1FCA2A1DDD4F002BA6D1 /* BookDetail.swift */; };
		3BCE1FCF2A1DE191002BA6D1 /* Author.swift in Sources */ = {isa = PBXBuildFile; fileRef = 3BCE1FCE2A1DE191002BA6D1 /* Author.swift */; };
		3BCE1FD12A1DE5A3002BA6D1 /* UserBookDetail.swift in Sources */ = {isa = PBXBuildFile; fileRef = 3BCE1FD02A1DE5A3002BA6D1 /* UserBookDetail.swift */; };
		3BCE1FD32A1DE633002BA6D1 /* Note.swift in Sources */ = {isa = PBXBuildFile; fileRef = 3BCE1FD22A1DE633002BA6D1 /* Note.swift */; };
		3BCE1FD52A1DFA46002BA6D1 /* Secrets.xcconfig in Resources */ = {isa = PBXBuildFile; fileRef = 3BCE1FD42A1DFA46002BA6D1 /* Secrets.xcconfig */; };
		3BCE1FD92A1E45CA002BA6D1 /* CAGradientLayer+.swift in Sources */ = {isa = PBXBuildFile; fileRef = 3BCE1FD82A1E45CA002BA6D1 /* CAGradientLayer+.swift */; };
		3BCE1FDB2A1E45DA002BA6D1 /* UIColor+.swift in Sources */ = {isa = PBXBuildFile; fileRef = 3BCE1FDA2A1E45DA002BA6D1 /* UIColor+.swift */; };
		3BCE1FDD2A1E45E2002BA6D1 /* UIImage+.swift in Sources */ = {isa = PBXBuildFile; fileRef = 3BCE1FDC2A1E45E2002BA6D1 /* UIImage+.swift */; };
/* End PBXBuildFile section */

/* Begin PBXContainerItemProxy section */
		3B2D73F12A14A82800686B5A /* PBXContainerItemProxy */ = {
			isa = PBXContainerItemProxy;
			containerPortal = 3B2D73D22A14A82600686B5A /* Project object */;
			proxyType = 1;
			remoteGlobalIDString = 3B2D73D92A14A82600686B5A;
			remoteInfo = Booky;
		};
		3B2D73FB2A14A82800686B5A /* PBXContainerItemProxy */ = {
			isa = PBXContainerItemProxy;
			containerPortal = 3B2D73D22A14A82600686B5A /* Project object */;
			proxyType = 1;
			remoteGlobalIDString = 3B2D73D92A14A82600686B5A;
			remoteInfo = Booky;
		};
/* End PBXContainerItemProxy section */

/* Begin PBXFileReference section */
		3B28F7662A15B1A4000974F0 /* DashboardViewController.swift */ = {isa = PBXFileReference; lastKnownFileType = sourcecode.swift; path = DashboardViewController.swift; sourceTree = "<group>"; };
		3B28F76A2A15BF5A000974F0 /* ShelfViewController.swift */ = {isa = PBXFileReference; lastKnownFileType = sourcecode.swift; path = ShelfViewController.swift; sourceTree = "<group>"; };
		3B28F76C2A15C205000974F0 /* FavoritesViewController.swift */ = {isa = PBXFileReference; lastKnownFileType = sourcecode.swift; path = FavoritesViewController.swift; sourceTree = "<group>"; };
		3B28F7722A161A00000974F0 /* BookDTO.swift */ = {isa = PBXFileReference; lastKnownFileType = sourcecode.swift; path = BookDTO.swift; sourceTree = "<group>"; };
		3B28F7742A161A21000974F0 /* BookDetailDTO.swift */ = {isa = PBXFileReference; lastKnownFileType = sourcecode.swift; path = BookDetailDTO.swift; sourceTree = "<group>"; };
		3B28F7762A161A6E000974F0 /* BookListDTO.swift */ = {isa = PBXFileReference; lastKnownFileType = sourcecode.swift; path = BookListDTO.swift; sourceTree = "<group>"; };
		3B28F7782A161A9D000974F0 /* StockStatus.swift */ = {isa = PBXFileReference; lastKnownFileType = sourcecode.swift; path = StockStatus.swift; sourceTree = "<group>"; };
		3B28F77A2A161AB6000974F0 /* NoteType.swift */ = {isa = PBXFileReference; lastKnownFileType = sourcecode.swift; path = NoteType.swift; sourceTree = "<group>"; };
		3B2D73DA2A14A82600686B5A /* Booky.app */ = {isa = PBXFileReference; explicitFileType = wrapper.application; includeInIndex = 0; path = Booky.app; sourceTree = BUILT_PRODUCTS_DIR; };
		3B2D73DD2A14A82600686B5A /* AppDelegate.swift */ = {isa = PBXFileReference; lastKnownFileType = sourcecode.swift; path = AppDelegate.swift; sourceTree = "<group>"; };
		3B2D73DF2A14A82600686B5A /* SceneDelegate.swift */ = {isa = PBXFileReference; lastKnownFileType = sourcecode.swift; path = SceneDelegate.swift; sourceTree = "<group>"; };
		3B2D73E12A14A82600686B5A /* MainViewController.swift */ = {isa = PBXFileReference; lastKnownFileType = sourcecode.swift; path = MainViewController.swift; sourceTree = "<group>"; };
		3B2D73E62A14A82800686B5A /* Assets.xcassets */ = {isa = PBXFileReference; lastKnownFileType = folder.assetcatalog; path = Assets.xcassets; sourceTree = "<group>"; };
		3B2D73E92A14A82800686B5A /* Base */ = {isa = PBXFileReference; lastKnownFileType = file.storyboard; name = Base; path = Base.lproj/LaunchScreen.storyboard; sourceTree = "<group>"; };
		3B2D73EB2A14A82800686B5A /* Info.plist */ = {isa = PBXFileReference; lastKnownFileType = text.plist.xml; path = Info.plist; sourceTree = "<group>"; };
		3B2D73F02A14A82800686B5A /* BookyTests.xctest */ = {isa = PBXFileReference; explicitFileType = wrapper.cfbundle; includeInIndex = 0; path = BookyTests.xctest; sourceTree = BUILT_PRODUCTS_DIR; };
		3B2D73F42A14A82800686B5A /* BookyTests.swift */ = {isa = PBXFileReference; lastKnownFileType = sourcecode.swift; path = BookyTests.swift; sourceTree = "<group>"; };
		3B2D73FA2A14A82800686B5A /* BookyUITests.xctest */ = {isa = PBXFileReference; explicitFileType = wrapper.cfbundle; includeInIndex = 0; path = BookyUITests.xctest; sourceTree = BUILT_PRODUCTS_DIR; };
		3B2D73FE2A14A82800686B5A /* BookyUITests.swift */ = {isa = PBXFileReference; lastKnownFileType = sourcecode.swift; path = BookyUITests.swift; sourceTree = "<group>"; };
		3B2D74002A14A82800686B5A /* BookyUITestsLaunchTests.swift */ = {isa = PBXFileReference; lastKnownFileType = sourcecode.swift; path = BookyUITestsLaunchTests.swift; sourceTree = "<group>"; };
		3BCE1FB22A1C8A4C002BA6D1 /* AuthorDTO.swift */ = {isa = PBXFileReference; lastKnownFileType = sourcecode.swift; path = AuthorDTO.swift; sourceTree = "<group>"; };
		3BCE1FB42A1C8B44002BA6D1 /* SeriesDTO.swift */ = {isa = PBXFileReference; lastKnownFileType = sourcecode.swift; path = SeriesDTO.swift; sourceTree = "<group>"; };
		3BCE1FB92A1C8D6E002BA6D1 /* RouterType.swift */ = {isa = PBXFileReference; lastKnownFileType = sourcecode.swift; path = RouterType.swift; sourceTree = "<group>"; };
		3BCE1FBE2A1C97F7002BA6D1 /* BookSearchRouter.swift */ = {isa = PBXFileReference; lastKnownFileType = sourcecode.swift; path = BookSearchRouter.swift; sourceTree = "<group>"; };
		3BCE1FC02A1C9804002BA6D1 /* BestSellerRouter.swift */ = {isa = PBXFileReference; lastKnownFileType = sourcecode.swift; path = BestSellerRouter.swift; sourceTree = "<group>"; };
		3BCE1FC22A1C980C002BA6D1 /* BookDetailRouter.swift */ = {isa = PBXFileReference; lastKnownFileType = sourcecode.swift; path = BookDetailRouter.swift; sourceTree = "<group>"; };
		3BCE1FC62A1CEB77002BA6D1 /* Bundle+.swift */ = {isa = PBXFileReference; lastKnownFileType = sourcecode.swift; path = "Bundle+.swift"; sourceTree = "<group>"; };
		3BCE1FC82A1DD983002BA6D1 /* Book.swift */ = {isa = PBXFileReference; lastKnownFileType = sourcecode.swift; path = Book.swift; sourceTree = "<group>"; };
		3BCE1FCA2A1DDD4F002BA6D1 /* BookDetail.swift */ = {isa = PBXFileReference; lastKnownFileType = sourcecode.swift; path = BookDetail.swift; sourceTree = "<group>"; };
		3BCE1FCE2A1DE191002BA6D1 /* Author.swift */ = {isa = PBXFileReference; lastKnownFileType = sourcecode.swift; path = Author.swift; sourceTree = "<group>"; };
		3BCE1FD02A1DE5A3002BA6D1 /* UserBookDetail.swift */ = {isa = PBXFileReference; lastKnownFileType = sourcecode.swift; path = UserBookDetail.swift; sourceTree = "<group>"; };
		3BCE1FD22A1DE633002BA6D1 /* Note.swift */ = {isa = PBXFileReference; lastKnownFileType = sourcecode.swift; path = Note.swift; sourceTree = "<group>"; };
		3BCE1FD42A1DFA46002BA6D1 /* Secrets.xcconfig */ = {isa = PBXFileReference; lastKnownFileType = text.xcconfig; path = Secrets.xcconfig; sourceTree = "<group>"; };
		3BCE1FD82A1E45CA002BA6D1 /* CAGradientLayer+.swift */ = {isa = PBXFileReference; lastKnownFileType = sourcecode.swift; path = "CAGradientLayer+.swift"; sourceTree = "<group>"; };
		3BCE1FDA2A1E45DA002BA6D1 /* UIColor+.swift */ = {isa = PBXFileReference; lastKnownFileType = sourcecode.swift; path = "UIColor+.swift"; sourceTree = "<group>"; };
		3BCE1FDC2A1E45E2002BA6D1 /* UIImage+.swift */ = {isa = PBXFileReference; lastKnownFileType = sourcecode.swift; path = "UIImage+.swift"; sourceTree = "<group>"; };
/* End PBXFileReference section */

/* Begin PBXFrameworksBuildPhase section */
		3B2D73D72A14A82600686B5A /* Frameworks */ = {
			isa = PBXFrameworksBuildPhase;
			buildActionMask = 2147483647;
			files = (
				3B2D74182A14C87500686B5A /* Alamofire in Frameworks */,
				3B2D74152A14C83700686B5A /* Kingfisher in Frameworks */,
				3B2D740F2A14B13B00686B5A /* SnapKit in Frameworks */,
			);
			runOnlyForDeploymentPostprocessing = 0;
		};
		3B2D73ED2A14A82800686B5A /* Frameworks */ = {
			isa = PBXFrameworksBuildPhase;
			buildActionMask = 2147483647;
			files = (
			);
			runOnlyForDeploymentPostprocessing = 0;
		};
		3B2D73F72A14A82800686B5A /* Frameworks */ = {
			isa = PBXFrameworksBuildPhase;
			buildActionMask = 2147483647;
			files = (
			);
			runOnlyForDeploymentPostprocessing = 0;
		};
/* End PBXFrameworksBuildPhase section */

/* Begin PBXGroup section */
		3B28F76E2A15DD6B000974F0 /* Controllers */ = {
			isa = PBXGroup;
			children = (
				3B2D73E12A14A82600686B5A /* MainViewController.swift */,
				3B28F7662A15B1A4000974F0 /* DashboardViewController.swift */,
				3B28F76A2A15BF5A000974F0 /* ShelfViewController.swift */,
				3B28F76C2A15C205000974F0 /* FavoritesViewController.swift */,
			);
			path = Controllers;
			sourceTree = "<group>";
		};
		3B28F76F2A15DDDE000974F0 /* Application */ = {
			isa = PBXGroup;
			children = (
				3B2D73E82A14A82800686B5A /* LaunchScreen.storyboard */,
				3B28F77D2A1624C9000974F0 /* Environment */,
				3B28F77E2A1624D8000974F0 /* Resource */,
			);
			path = Application;
			sourceTree = "<group>";
		};
		3B28F7702A15DEB5000974F0 /* Views */ = {
			isa = PBXGroup;
			children = (
			);
			path = Views;
			sourceTree = "<group>";
		};
		3B28F7712A15DEBE000974F0 /* Models */ = {
			isa = PBXGroup;
			children = (
				3B28F7782A161A9D000974F0 /* StockStatus.swift */,
				3B28F77A2A161AB6000974F0 /* NoteType.swift */,
				3BCE1FD22A1DE633002BA6D1 /* Note.swift */,
				3BCE1FC82A1DD983002BA6D1 /* Book.swift */,
				3BCE1FCA2A1DDD4F002BA6D1 /* BookDetail.swift */,
				3BCE1FCE2A1DE191002BA6D1 /* Author.swift */,
				3BCE1FD02A1DE5A3002BA6D1 /* UserBookDetail.swift */,
			);
			path = Models;
			sourceTree = "<group>";
		};
		3B28F77D2A1624C9000974F0 /* Environment */ = {
			isa = PBXGroup;
			children = (
				3B2D73DD2A14A82600686B5A /* AppDelegate.swift */,
				3B2D73DF2A14A82600686B5A /* SceneDelegate.swift */,
			);
			path = Environment;
			sourceTree = "<group>";
		};
		3B28F77E2A1624D8000974F0 /* Resource */ = {
			isa = PBXGroup;
			children = (
				3B2D73E62A14A82800686B5A /* Assets.xcassets */,
				3BCE1FD42A1DFA46002BA6D1 /* Secrets.xcconfig */,
			);
			path = Resource;
			sourceTree = "<group>";
		};
		3B28F77F2A162510000974F0 /* Network */ = {
			isa = PBXGroup;
			children = (
				3BCE1FB82A1C8D35002BA6D1 /* Router */,
				3BCE1FB12A1C814B002BA6D1 /* DTO */,
			);
			path = Network;
			sourceTree = "<group>";
		};
		3B28F7802A16255C000974F0 /* Extensions */ = {
			isa = PBXGroup;
			children = (
				3BCE1FC62A1CEB77002BA6D1 /* Bundle+.swift */,
				3BCE1FD82A1E45CA002BA6D1 /* CAGradientLayer+.swift */,
				3BCE1FDA2A1E45DA002BA6D1 /* UIColor+.swift */,
				3BCE1FDC2A1E45E2002BA6D1 /* UIImage+.swift */,
			);
			path = Extensions;
			sourceTree = "<group>";
		};
		3B2D73D12A14A82600686B5A = {
			isa = PBXGroup;
			children = (
				3B2D73DC2A14A82600686B5A /* Booky */,
				3B2D73F32A14A82800686B5A /* BookyTests */,
				3B2D73FD2A14A82800686B5A /* BookyUITests */,
				3B2D73DB2A14A82600686B5A /* Products */,
			);
			sourceTree = "<group>";
		};
		3B2D73DB2A14A82600686B5A /* Products */ = {
			isa = PBXGroup;
			children = (
				3B2D73DA2A14A82600686B5A /* Booky.app */,
				3B2D73F02A14A82800686B5A /* BookyTests.xctest */,
				3B2D73FA2A14A82800686B5A /* BookyUITests.xctest */,
			);
			name = Products;
			sourceTree = "<group>";
		};
		3B2D73DC2A14A82600686B5A /* Booky */ = {
			isa = PBXGroup;
			children = (
				3B28F76F2A15DDDE000974F0 /* Application */,
				3B28F77F2A162510000974F0 /* Network */,
				3B28F7802A16255C000974F0 /* Extensions */,
				3B28F7712A15DEBE000974F0 /* Models */,
				3B28F7702A15DEB5000974F0 /* Views */,
				3B28F76E2A15DD6B000974F0 /* Controllers */,
				3B2D73EB2A14A82800686B5A /* Info.plist */,
			);
			path = Booky;
			sourceTree = "<group>";
		};
		3B2D73F32A14A82800686B5A /* BookyTests */ = {
			isa = PBXGroup;
			children = (
				3B2D73F42A14A82800686B5A /* BookyTests.swift */,
			);
			path = BookyTests;
			sourceTree = "<group>";
		};
		3B2D73FD2A14A82800686B5A /* BookyUITests */ = {
			isa = PBXGroup;
			children = (
				3B2D73FE2A14A82800686B5A /* BookyUITests.swift */,
				3B2D74002A14A82800686B5A /* BookyUITestsLaunchTests.swift */,
			);
			path = BookyUITests;
			sourceTree = "<group>";
		};
		3BCE1FB12A1C814B002BA6D1 /* DTO */ = {
			isa = PBXGroup;
			children = (
				3B28F7722A161A00000974F0 /* BookDTO.swift */,
				3B28F7742A161A21000974F0 /* BookDetailDTO.swift */,
				3B28F7762A161A6E000974F0 /* BookListDTO.swift */,
				3BCE1FB22A1C8A4C002BA6D1 /* AuthorDTO.swift */,
				3BCE1FB42A1C8B44002BA6D1 /* SeriesDTO.swift */,
			);
			path = DTO;
			sourceTree = "<group>";
		};
		3BCE1FB82A1C8D35002BA6D1 /* Router */ = {
			isa = PBXGroup;
			children = (
				3BCE1FBB2A1C973A002BA6D1 /* Interface */,
				3BCE1FBD2A1C974C002BA6D1 /* Implementation */,
			);
			path = Router;
			sourceTree = "<group>";
		};
		3BCE1FBB2A1C973A002BA6D1 /* Interface */ = {
			isa = PBXGroup;
			children = (
				3BCE1FB92A1C8D6E002BA6D1 /* RouterType.swift */,
			);
			path = Interface;
			sourceTree = "<group>";
		};
		3BCE1FBD2A1C974C002BA6D1 /* Implementation */ = {
			isa = PBXGroup;
			children = (
				3BCE1FBE2A1C97F7002BA6D1 /* BookSearchRouter.swift */,
				3BCE1FC02A1C9804002BA6D1 /* BestSellerRouter.swift */,
				3BCE1FC22A1C980C002BA6D1 /* BookDetailRouter.swift */,
			);
			path = Implementation;
			sourceTree = "<group>";
		};
/* End PBXGroup section */

/* Begin PBXNativeTarget section */
		3B2D73D92A14A82600686B5A /* Booky */ = {
			isa = PBXNativeTarget;
			buildConfigurationList = 3B2D74042A14A82800686B5A /* Build configuration list for PBXNativeTarget "Booky" */;
			buildPhases = (
				3B2D73D62A14A82600686B5A /* Sources */,
				3B2D73D72A14A82600686B5A /* Frameworks */,
				3B2D73D82A14A82600686B5A /* Resources */,
			);
			buildRules = (
			);
			dependencies = (
			);
			name = Booky;
			packageProductDependencies = (
				3B2D740E2A14B13B00686B5A /* SnapKit */,
				3B2D74142A14C83700686B5A /* Kingfisher */,
				3B2D74172A14C87500686B5A /* Alamofire */,
			);
			productName = Booky;
			productReference = 3B2D73DA2A14A82600686B5A /* Booky.app */;
			productType = "com.apple.product-type.application";
		};
		3B2D73EF2A14A82800686B5A /* BookyTests */ = {
			isa = PBXNativeTarget;
			buildConfigurationList = 3B2D74072A14A82800686B5A /* Build configuration list for PBXNativeTarget "BookyTests" */;
			buildPhases = (
				3B2D73EC2A14A82800686B5A /* Sources */,
				3B2D73ED2A14A82800686B5A /* Frameworks */,
				3B2D73EE2A14A82800686B5A /* Resources */,
			);
			buildRules = (
			);
			dependencies = (
				3B2D73F22A14A82800686B5A /* PBXTargetDependency */,
			);
			name = BookyTests;
			productName = BookyTests;
			productReference = 3B2D73F02A14A82800686B5A /* BookyTests.xctest */;
			productType = "com.apple.product-type.bundle.unit-test";
		};
		3B2D73F92A14A82800686B5A /* BookyUITests */ = {
			isa = PBXNativeTarget;
			buildConfigurationList = 3B2D740A2A14A82800686B5A /* Build configuration list for PBXNativeTarget "BookyUITests" */;
			buildPhases = (
				3B2D73F62A14A82800686B5A /* Sources */,
				3B2D73F72A14A82800686B5A /* Frameworks */,
				3B2D73F82A14A82800686B5A /* Resources */,
			);
			buildRules = (
			);
			dependencies = (
				3B2D73FC2A14A82800686B5A /* PBXTargetDependency */,
			);
			name = BookyUITests;
			productName = BookyUITests;
			productReference = 3B2D73FA2A14A82800686B5A /* BookyUITests.xctest */;
			productType = "com.apple.product-type.bundle.ui-testing";
		};
/* End PBXNativeTarget section */

/* Begin PBXProject section */
		3B2D73D22A14A82600686B5A /* Project object */ = {
			isa = PBXProject;
			attributes = {
				BuildIndependentTargetsInParallel = 1;
				LastSwiftUpdateCheck = 1420;
				LastUpgradeCheck = 1420;
				TargetAttributes = {
					3B2D73D92A14A82600686B5A = {
						CreatedOnToolsVersion = 14.2;
					};
					3B2D73EF2A14A82800686B5A = {
						CreatedOnToolsVersion = 14.2;
						TestTargetID = 3B2D73D92A14A82600686B5A;
					};
					3B2D73F92A14A82800686B5A = {
						CreatedOnToolsVersion = 14.2;
						TestTargetID = 3B2D73D92A14A82600686B5A;
					};
				};
			};
			buildConfigurationList = 3B2D73D52A14A82600686B5A /* Build configuration list for PBXProject "Booky" */;
			compatibilityVersion = "Xcode 14.0";
			developmentRegion = en;
			hasScannedForEncodings = 0;
			knownRegions = (
				en,
				Base,
			);
			mainGroup = 3B2D73D12A14A82600686B5A;
			packageReferences = (
				3B2D740D2A14B13B00686B5A /* XCRemoteSwiftPackageReference "SnapKit" */,
				3B2D74132A14C83700686B5A /* XCRemoteSwiftPackageReference "Kingfisher" */,
				3B2D74162A14C87500686B5A /* XCRemoteSwiftPackageReference "Alamofire" */,
			);
			productRefGroup = 3B2D73DB2A14A82600686B5A /* Products */;
			projectDirPath = "";
			projectRoot = "";
			targets = (
				3B2D73D92A14A82600686B5A /* Booky */,
				3B2D73EF2A14A82800686B5A /* BookyTests */,
				3B2D73F92A14A82800686B5A /* BookyUITests */,
			);
		};
/* End PBXProject section */

/* Begin PBXResourcesBuildPhase section */
		3B2D73D82A14A82600686B5A /* Resources */ = {
			isa = PBXResourcesBuildPhase;
			buildActionMask = 2147483647;
			files = (
				3B2D73EA2A14A82800686B5A /* LaunchScreen.storyboard in Resources */,
				3B2D73E72A14A82800686B5A /* Assets.xcassets in Resources */,
				3BCE1FD52A1DFA46002BA6D1 /* Secrets.xcconfig in Resources */,
			);
			runOnlyForDeploymentPostprocessing = 0;
		};
		3B2D73EE2A14A82800686B5A /* Resources */ = {
			isa = PBXResourcesBuildPhase;
			buildActionMask = 2147483647;
			files = (
			);
			runOnlyForDeploymentPostprocessing = 0;
		};
		3B2D73F82A14A82800686B5A /* Resources */ = {
			isa = PBXResourcesBuildPhase;
			buildActionMask = 2147483647;
			files = (
			);
			runOnlyForDeploymentPostprocessing = 0;
		};
/* End PBXResourcesBuildPhase section */

/* Begin PBXSourcesBuildPhase section */
		3B2D73D62A14A82600686B5A /* Sources */ = {
			isa = PBXSourcesBuildPhase;
			buildActionMask = 2147483647;
			files = (
				3B2D73E22A14A82600686B5A /* MainViewController.swift in Sources */,
				3BCE1FC12A1C9804002BA6D1 /* BestSellerRouter.swift in Sources */,
				3BCE1FD32A1DE633002BA6D1 /* Note.swift in Sources */,
				3BCE1FC32A1C980C002BA6D1 /* BookDetailRouter.swift in Sources */,
				3B28F7772A161A6E000974F0 /* BookListDTO.swift in Sources */,
				3BCE1FDD2A1E45E2002BA6D1 /* UIImage+.swift in Sources */,
				3BCE1FBA2A1C8D6E002BA6D1 /* RouterType.swift in Sources */,
				3BCE1FCB2A1DDD4F002BA6D1 /* BookDetail.swift in Sources */,
				3BCE1FBF2A1C97F7002BA6D1 /* BookSearchRouter.swift in Sources */,
				3BCE1FC72A1CEB77002BA6D1 /* Bundle+.swift in Sources */,
				3BCE1FD12A1DE5A3002BA6D1 /* UserBookDetail.swift in Sources */,
				3BCE1FC92A1DD983002BA6D1 /* Book.swift in Sources */,
				3B28F76B2A15BF5A000974F0 /* ShelfViewController.swift in Sources */,
				3B28F7732A161A00000974F0 /* BookDTO.swift in Sources */,
				3BCE1FB32A1C8A4C002BA6D1 /* AuthorDTO.swift in Sources */,
				3BCE1FCF2A1DE191002BA6D1 /* Author.swift in Sources */,
				3B2D73DE2A14A82600686B5A /* AppDelegate.swift in Sources */,
				3BCE1FD92A1E45CA002BA6D1 /* CAGradientLayer+.swift in Sources */,
				3B28F7752A161A21000974F0 /* BookDetailDTO.swift in Sources */,
				3BCE1FB52A1C8B44002BA6D1 /* SeriesDTO.swift in Sources */,
				3B28F7792A161A9D000974F0 /* StockStatus.swift in Sources */,
				3B28F77B2A161AB6000974F0 /* NoteType.swift in Sources */,
				3B2D73E02A14A82600686B5A /* SceneDelegate.swift in Sources */,
				3BCE1FDB2A1E45DA002BA6D1 /* UIColor+.swift in Sources */,
				3B28F76D2A15C205000974F0 /* FavoritesViewController.swift in Sources */,
				3B28F7672A15B1A4000974F0 /* DashboardViewController.swift in Sources */,
			);
			runOnlyForDeploymentPostprocessing = 0;
		};
		3B2D73EC2A14A82800686B5A /* Sources */ = {
			isa = PBXSourcesBuildPhase;
			buildActionMask = 2147483647;
			files = (
				3B2D73F52A14A82800686B5A /* BookyTests.swift in Sources */,
			);
			runOnlyForDeploymentPostprocessing = 0;
		};
		3B2D73F62A14A82800686B5A /* Sources */ = {
			isa = PBXSourcesBuildPhase;
			buildActionMask = 2147483647;
			files = (
				3B2D73FF2A14A82800686B5A /* BookyUITests.swift in Sources */,
				3B2D74012A14A82800686B5A /* BookyUITestsLaunchTests.swift in Sources */,
			);
			runOnlyForDeploymentPostprocessing = 0;
		};
/* End PBXSourcesBuildPhase section */

/* Begin PBXTargetDependency section */
		3B2D73F22A14A82800686B5A /* PBXTargetDependency */ = {
			isa = PBXTargetDependency;
			target = 3B2D73D92A14A82600686B5A /* Booky */;
			targetProxy = 3B2D73F12A14A82800686B5A /* PBXContainerItemProxy */;
		};
		3B2D73FC2A14A82800686B5A /* PBXTargetDependency */ = {
			isa = PBXTargetDependency;
			target = 3B2D73D92A14A82600686B5A /* Booky */;
			targetProxy = 3B2D73FB2A14A82800686B5A /* PBXContainerItemProxy */;
		};
/* End PBXTargetDependency section */

/* Begin PBXVariantGroup section */
		3B2D73E82A14A82800686B5A /* LaunchScreen.storyboard */ = {
			isa = PBXVariantGroup;
			children = (
				3B2D73E92A14A82800686B5A /* Base */,
			);
			name = LaunchScreen.storyboard;
			sourceTree = "<group>";
		};
/* End PBXVariantGroup section */

/* Begin XCBuildConfiguration section */
		3B2D74022A14A82800686B5A /* Debug */ = {
			isa = XCBuildConfiguration;
			buildSettings = {
				ALWAYS_SEARCH_USER_PATHS = NO;
				CLANG_ANALYZER_NONNULL = YES;
				CLANG_ANALYZER_NUMBER_OBJECT_CONVERSION = YES_AGGRESSIVE;
				CLANG_CXX_LANGUAGE_STANDARD = "gnu++20";
				CLANG_ENABLE_MODULES = YES;
				CLANG_ENABLE_OBJC_ARC = YES;
				CLANG_ENABLE_OBJC_WEAK = YES;
				CLANG_WARN_BLOCK_CAPTURE_AUTORELEASING = YES;
				CLANG_WARN_BOOL_CONVERSION = YES;
				CLANG_WARN_COMMA = YES;
				CLANG_WARN_CONSTANT_CONVERSION = YES;
				CLANG_WARN_DEPRECATED_OBJC_IMPLEMENTATIONS = YES;
				CLANG_WARN_DIRECT_OBJC_ISA_USAGE = YES_ERROR;
				CLANG_WARN_DOCUMENTATION_COMMENTS = YES;
				CLANG_WARN_EMPTY_BODY = YES;
				CLANG_WARN_ENUM_CONVERSION = YES;
				CLANG_WARN_INFINITE_RECURSION = YES;
				CLANG_WARN_INT_CONVERSION = YES;
				CLANG_WARN_NON_LITERAL_NULL_CONVERSION = YES;
				CLANG_WARN_OBJC_IMPLICIT_RETAIN_SELF = YES;
				CLANG_WARN_OBJC_LITERAL_CONVERSION = YES;
				CLANG_WARN_OBJC_ROOT_CLASS = YES_ERROR;
				CLANG_WARN_QUOTED_INCLUDE_IN_FRAMEWORK_HEADER = YES;
				CLANG_WARN_RANGE_LOOP_ANALYSIS = YES;
				CLANG_WARN_STRICT_PROTOTYPES = YES;
				CLANG_WARN_SUSPICIOUS_MOVE = YES;
				CLANG_WARN_UNGUARDED_AVAILABILITY = YES_AGGRESSIVE;
				CLANG_WARN_UNREACHABLE_CODE = YES;
				CLANG_WARN__DUPLICATE_METHOD_MATCH = YES;
				COPY_PHASE_STRIP = NO;
				DEBUG_INFORMATION_FORMAT = dwarf;
				ENABLE_STRICT_OBJC_MSGSEND = YES;
				ENABLE_TESTABILITY = YES;
				GCC_C_LANGUAGE_STANDARD = gnu11;
				GCC_DYNAMIC_NO_PIC = NO;
				GCC_NO_COMMON_BLOCKS = YES;
				GCC_OPTIMIZATION_LEVEL = 0;
				GCC_PREPROCESSOR_DEFINITIONS = (
					"DEBUG=1",
					"$(inherited)",
				);
				GCC_WARN_64_TO_32_BIT_CONVERSION = YES;
				GCC_WARN_ABOUT_RETURN_TYPE = YES_ERROR;
				GCC_WARN_UNDECLARED_SELECTOR = YES;
				GCC_WARN_UNINITIALIZED_AUTOS = YES_AGGRESSIVE;
				GCC_WARN_UNUSED_FUNCTION = YES;
				GCC_WARN_UNUSED_VARIABLE = YES;
				IPHONEOS_DEPLOYMENT_TARGET = 16.2;
				MTL_ENABLE_DEBUG_INFO = INCLUDE_SOURCE;
				MTL_FAST_MATH = YES;
				ONLY_ACTIVE_ARCH = YES;
				SDKROOT = iphoneos;
				SWIFT_ACTIVE_COMPILATION_CONDITIONS = DEBUG;
				SWIFT_OPTIMIZATION_LEVEL = "-Onone";
			};
			name = Debug;
		};
		3B2D74032A14A82800686B5A /* Release */ = {
			isa = XCBuildConfiguration;
			buildSettings = {
				ALWAYS_SEARCH_USER_PATHS = NO;
				CLANG_ANALYZER_NONNULL = YES;
				CLANG_ANALYZER_NUMBER_OBJECT_CONVERSION = YES_AGGRESSIVE;
				CLANG_CXX_LANGUAGE_STANDARD = "gnu++20";
				CLANG_ENABLE_MODULES = YES;
				CLANG_ENABLE_OBJC_ARC = YES;
				CLANG_ENABLE_OBJC_WEAK = YES;
				CLANG_WARN_BLOCK_CAPTURE_AUTORELEASING = YES;
				CLANG_WARN_BOOL_CONVERSION = YES;
				CLANG_WARN_COMMA = YES;
				CLANG_WARN_CONSTANT_CONVERSION = YES;
				CLANG_WARN_DEPRECATED_OBJC_IMPLEMENTATIONS = YES;
				CLANG_WARN_DIRECT_OBJC_ISA_USAGE = YES_ERROR;
				CLANG_WARN_DOCUMENTATION_COMMENTS = YES;
				CLANG_WARN_EMPTY_BODY = YES;
				CLANG_WARN_ENUM_CONVERSION = YES;
				CLANG_WARN_INFINITE_RECURSION = YES;
				CLANG_WARN_INT_CONVERSION = YES;
				CLANG_WARN_NON_LITERAL_NULL_CONVERSION = YES;
				CLANG_WARN_OBJC_IMPLICIT_RETAIN_SELF = YES;
				CLANG_WARN_OBJC_LITERAL_CONVERSION = YES;
				CLANG_WARN_OBJC_ROOT_CLASS = YES_ERROR;
				CLANG_WARN_QUOTED_INCLUDE_IN_FRAMEWORK_HEADER = YES;
				CLANG_WARN_RANGE_LOOP_ANALYSIS = YES;
				CLANG_WARN_STRICT_PROTOTYPES = YES;
				CLANG_WARN_SUSPICIOUS_MOVE = YES;
				CLANG_WARN_UNGUARDED_AVAILABILITY = YES_AGGRESSIVE;
				CLANG_WARN_UNREACHABLE_CODE = YES;
				CLANG_WARN__DUPLICATE_METHOD_MATCH = YES;
				COPY_PHASE_STRIP = NO;
				DEBUG_INFORMATION_FORMAT = "dwarf-with-dsym";
				ENABLE_NS_ASSERTIONS = NO;
				ENABLE_STRICT_OBJC_MSGSEND = YES;
				GCC_C_LANGUAGE_STANDARD = gnu11;
				GCC_NO_COMMON_BLOCKS = YES;
				GCC_WARN_64_TO_32_BIT_CONVERSION = YES;
				GCC_WARN_ABOUT_RETURN_TYPE = YES_ERROR;
				GCC_WARN_UNDECLARED_SELECTOR = YES;
				GCC_WARN_UNINITIALIZED_AUTOS = YES_AGGRESSIVE;
				GCC_WARN_UNUSED_FUNCTION = YES;
				GCC_WARN_UNUSED_VARIABLE = YES;
				IPHONEOS_DEPLOYMENT_TARGET = 16.2;
				MTL_ENABLE_DEBUG_INFO = NO;
				MTL_FAST_MATH = YES;
				SDKROOT = iphoneos;
				SWIFT_COMPILATION_MODE = wholemodule;
				SWIFT_OPTIMIZATION_LEVEL = "-O";
				VALIDATE_PRODUCT = YES;
			};
			name = Release;
		};
		3B2D74052A14A82800686B5A /* Debug */ = {
			isa = XCBuildConfiguration;
			baseConfigurationReference = 3BCE1FD42A1DFA46002BA6D1 /* Secrets.xcconfig */;
			buildSettings = {
				ASSETCATALOG_COMPILER_APPICON_NAME = AppIcon;
				ASSETCATALOG_COMPILER_GLOBAL_ACCENT_COLOR_NAME = AccentColor;
				CODE_SIGN_STYLE = Automatic;
				CURRENT_PROJECT_VERSION = 1;
				GENERATE_INFOPLIST_FILE = YES;
				INFOPLIST_FILE = Booky/Info.plist;
				INFOPLIST_KEY_UIApplicationSupportsIndirectInputEvents = YES;
				INFOPLIST_KEY_UILaunchStoryboardName = LaunchScreen;
				INFOPLIST_KEY_UISupportedInterfaceOrientations = UIInterfaceOrientationPortrait;
				IPHONEOS_DEPLOYMENT_TARGET = 14.0;
				LD_RUNPATH_SEARCH_PATHS = (
					"$(inherited)",
					"@executable_path/Frameworks",
				);
				MARKETING_VERSION = 1.0;
				PRODUCT_BUNDLE_IDENTIFIER = com.jenna.Booky;
				PRODUCT_NAME = "$(TARGET_NAME)";
				SWIFT_EMIT_LOC_STRINGS = YES;
				SWIFT_VERSION = 5.0;
				TARGETED_DEVICE_FAMILY = "1,2";
			};
			name = Debug;
		};
		3B2D74062A14A82800686B5A /* Release */ = {
			isa = XCBuildConfiguration;
			baseConfigurationReference = 3BCE1FD42A1DFA46002BA6D1 /* Secrets.xcconfig */;
			buildSettings = {
				ASSETCATALOG_COMPILER_APPICON_NAME = AppIcon;
				ASSETCATALOG_COMPILER_GLOBAL_ACCENT_COLOR_NAME = AccentColor;
				CODE_SIGN_STYLE = Automatic;
				CURRENT_PROJECT_VERSION = 1;
				GENERATE_INFOPLIST_FILE = YES;
				INFOPLIST_FILE = Booky/Info.plist;
				INFOPLIST_KEY_UIApplicationSupportsIndirectInputEvents = YES;
				INFOPLIST_KEY_UILaunchStoryboardName = LaunchScreen;
				INFOPLIST_KEY_UISupportedInterfaceOrientations = UIInterfaceOrientationPortrait;
				IPHONEOS_DEPLOYMENT_TARGET = 14.0;
				LD_RUNPATH_SEARCH_PATHS = (
					"$(inherited)",
					"@executable_path/Frameworks",
				);
				MARKETING_VERSION = 1.0;
				PRODUCT_BUNDLE_IDENTIFIER = com.jenna.Booky;
				PRODUCT_NAME = "$(TARGET_NAME)";
				SWIFT_EMIT_LOC_STRINGS = YES;
				SWIFT_VERSION = 5.0;
				TARGETED_DEVICE_FAMILY = "1,2";
			};
			name = Release;
		};
		3B2D74082A14A82800686B5A /* Debug */ = {
			isa = XCBuildConfiguration;
			buildSettings = {
				ALWAYS_EMBED_SWIFT_STANDARD_LIBRARIES = YES;
				BUNDLE_LOADER = "$(TEST_HOST)";
				CODE_SIGN_STYLE = Automatic;
				CURRENT_PROJECT_VERSION = 1;
				GENERATE_INFOPLIST_FILE = YES;
				IPHONEOS_DEPLOYMENT_TARGET = 16.2;
				MARKETING_VERSION = 1.0;
				PRODUCT_BUNDLE_IDENTIFIER = com.jenna.BookyTests;
				PRODUCT_NAME = "$(TARGET_NAME)";
				SWIFT_EMIT_LOC_STRINGS = NO;
				SWIFT_VERSION = 5.0;
				TARGETED_DEVICE_FAMILY = "1,2";
				TEST_HOST = "$(BUILT_PRODUCTS_DIR)/Booky.app/$(BUNDLE_EXECUTABLE_FOLDER_PATH)/Booky";
			};
			name = Debug;
		};
		3B2D74092A14A82800686B5A /* Release */ = {
			isa = XCBuildConfiguration;
			buildSettings = {
				ALWAYS_EMBED_SWIFT_STANDARD_LIBRARIES = YES;
				BUNDLE_LOADER = "$(TEST_HOST)";
				CODE_SIGN_STYLE = Automatic;
				CURRENT_PROJECT_VERSION = 1;
				GENERATE_INFOPLIST_FILE = YES;
				IPHONEOS_DEPLOYMENT_TARGET = 16.2;
				MARKETING_VERSION = 1.0;
				PRODUCT_BUNDLE_IDENTIFIER = com.jenna.BookyTests;
				PRODUCT_NAME = "$(TARGET_NAME)";
				SWIFT_EMIT_LOC_STRINGS = NO;
				SWIFT_VERSION = 5.0;
				TARGETED_DEVICE_FAMILY = "1,2";
				TEST_HOST = "$(BUILT_PRODUCTS_DIR)/Booky.app/$(BUNDLE_EXECUTABLE_FOLDER_PATH)/Booky";
			};
			name = Release;
		};
		3B2D740B2A14A82800686B5A /* Debug */ = {
			isa = XCBuildConfiguration;
			buildSettings = {
				ALWAYS_EMBED_SWIFT_STANDARD_LIBRARIES = YES;
				CODE_SIGN_STYLE = Automatic;
				CURRENT_PROJECT_VERSION = 1;
				GENERATE_INFOPLIST_FILE = YES;
				MARKETING_VERSION = 1.0;
				PRODUCT_BUNDLE_IDENTIFIER = com.jenna.BookyUITests;
				PRODUCT_NAME = "$(TARGET_NAME)";
				SWIFT_EMIT_LOC_STRINGS = NO;
				SWIFT_VERSION = 5.0;
				TARGETED_DEVICE_FAMILY = "1,2";
				TEST_TARGET_NAME = Booky;
			};
			name = Debug;
		};
		3B2D740C2A14A82800686B5A /* Release */ = {
			isa = XCBuildConfiguration;
			buildSettings = {
				ALWAYS_EMBED_SWIFT_STANDARD_LIBRARIES = YES;
				CODE_SIGN_STYLE = Automatic;
				CURRENT_PROJECT_VERSION = 1;
				GENERATE_INFOPLIST_FILE = YES;
				MARKETING_VERSION = 1.0;
				PRODUCT_BUNDLE_IDENTIFIER = com.jenna.BookyUITests;
				PRODUCT_NAME = "$(TARGET_NAME)";
				SWIFT_EMIT_LOC_STRINGS = NO;
				SWIFT_VERSION = 5.0;
				TARGETED_DEVICE_FAMILY = "1,2";
				TEST_TARGET_NAME = Booky;
			};
			name = Release;
		};
/* End XCBuildConfiguration section */

/* Begin XCConfigurationList section */
		3B2D73D52A14A82600686B5A /* Build configuration list for PBXProject "Booky" */ = {
			isa = XCConfigurationList;
			buildConfigurations = (
				3B2D74022A14A82800686B5A /* Debug */,
				3B2D74032A14A82800686B5A /* Release */,
			);
			defaultConfigurationIsVisible = 0;
			defaultConfigurationName = Release;
		};
		3B2D74042A14A82800686B5A /* Build configuration list for PBXNativeTarget "Booky" */ = {
			isa = XCConfigurationList;
			buildConfigurations = (
				3B2D74052A14A82800686B5A /* Debug */,
				3B2D74062A14A82800686B5A /* Release */,
			);
			defaultConfigurationIsVisible = 0;
			defaultConfigurationName = Release;
		};
		3B2D74072A14A82800686B5A /* Build configuration list for PBXNativeTarget "BookyTests" */ = {
			isa = XCConfigurationList;
			buildConfigurations = (
				3B2D74082A14A82800686B5A /* Debug */,
				3B2D74092A14A82800686B5A /* Release */,
			);
			defaultConfigurationIsVisible = 0;
			defaultConfigurationName = Release;
		};
		3B2D740A2A14A82800686B5A /* Build configuration list for PBXNativeTarget "BookyUITests" */ = {
			isa = XCConfigurationList;
			buildConfigurations = (
				3B2D740B2A14A82800686B5A /* Debug */,
				3B2D740C2A14A82800686B5A /* Release */,
			);
			defaultConfigurationIsVisible = 0;
			defaultConfigurationName = Release;
		};
/* End XCConfigurationList section */

/* Begin XCRemoteSwiftPackageReference section */
		3B2D740D2A14B13B00686B5A /* XCRemoteSwiftPackageReference "SnapKit" */ = {
			isa = XCRemoteSwiftPackageReference;
			repositoryURL = "https://github.com/SnapKit/SnapKit.git";
			requirement = {
				kind = upToNextMajorVersion;
				minimumVersion = 5.0.0;
			};
		};
		3B2D74132A14C83700686B5A /* XCRemoteSwiftPackageReference "Kingfisher" */ = {
			isa = XCRemoteSwiftPackageReference;
			repositoryURL = "https://github.com/onevcat/Kingfisher.git";
			requirement = {
				kind = upToNextMajorVersion;
				minimumVersion = 7.0.0;
			};
		};
		3B2D74162A14C87500686B5A /* XCRemoteSwiftPackageReference "Alamofire" */ = {
			isa = XCRemoteSwiftPackageReference;
			repositoryURL = "https://github.com/Alamofire/Alamofire.git";
			requirement = {
				kind = upToNextMajorVersion;
				minimumVersion = 5.0.0;
			};
		};
/* End XCRemoteSwiftPackageReference section */

/* Begin XCSwiftPackageProductDependency section */
		3B2D740E2A14B13B00686B5A /* SnapKit */ = {
			isa = XCSwiftPackageProductDependency;
			package = 3B2D740D2A14B13B00686B5A /* XCRemoteSwiftPackageReference "SnapKit" */;
			productName = SnapKit;
		};
		3B2D74142A14C83700686B5A /* Kingfisher */ = {
			isa = XCSwiftPackageProductDependency;
			package = 3B2D74132A14C83700686B5A /* XCRemoteSwiftPackageReference "Kingfisher" */;
			productName = Kingfisher;
		};
		3B2D74172A14C87500686B5A /* Alamofire */ = {
			isa = XCSwiftPackageProductDependency;
			package = 3B2D74162A14C87500686B5A /* XCRemoteSwiftPackageReference "Alamofire" */;
			productName = Alamofire;
		};
/* End XCSwiftPackageProductDependency section */
	};
	rootObject = 3B2D73D22A14A82600686B5A /* Project object */;
}
